
Microsoft Visual Studio Solution File, Format Version 12.00
# Visual Studio Version 16
VisualStudioVersion = 16.0.30523.141
MinimumVisualStudioVersion = 10.0.40219.1
Project("{9A19103F-16F7-4668-BE54-9A1E7A4F7556}") = "BlazorAntDesignDemo", "BlazorAntDesignDemo\BlazorAntDesignDemo.csproj", "{7FAE4B5F-B1AA-4CB2-A5C5-699DCC13D80F}"
EndProject
Global
	GlobalSection(SolutionConfigurationPlatforms) = preSolution
		Debug|Any CPU = Debug|Any CPU
		Release|Any CPU = Release|Any CPU
	EndGlobalSection
	GlobalSection(ProjectConfigurationPlatforms) = postSolution
		{7FAE4B5F-B1AA-4CB2-A5C5-699DCC13D80F}.Debug|Any CPU.ActiveCfg = Debug|Any CPU
		{7FAE4B5F-B1AA-4CB2-A5C5-699DCC13D80F}.Debug|Any CPU.Build.0 = Debug|Any CPU
		{7FAE4B5F-B1AA-4CB2-A5C5-699DCC13D80F}.Release|Any CPU.ActiveCfg = Release|Any CPU
		{7FAE4B5F-B1AA-4CB2-A5C5-699DCC13D80F}.Release|Any CPU.Build.0 = Release|Any CPU
	EndGlobalSection
	GlobalSection(SolutionProperties) = preSolution
		HideSolutionNode = FALSE
	EndGlobalSection
	GlobalSection(ExtensibilityGlobals) = postSolution
		SolutionGuid = {BE2D2040-5C3C-498B-877C-EC2D1B67AB70}
	EndGlobalSection
EndGlobal
